
Microsoft Visual Studio Solution File, Format Version 12.00
# Visual Studio Version 16
VisualStudioVersion = 16.0.30204.135
MinimumVisualStudioVersion = 10.0.40219.1
Project("{FAE04EC0-301F-11D3-BF4B-00C04F79EFBC}") = "it-assets", "it-assets\it-assets.csproj", "{4E0AC9AE-2006-413E-917F-F73A8EEFA5EC}"
EndProject
Global
	GlobalSection(SolutionConfigurationPlatforms) = preSolution
		Debug|Any CPU = Debug|Any CPU
		Release|Any CPU = Release|Any CPU
	EndGlobalSection
	GlobalSection(ProjectConfigurationPlatforms) = postSolution
		{4E0AC9AE-2006-413E-917F-F73A8EEFA5EC}.Debug|Any CPU.ActiveCfg = Debug|Any CPU
		{4E0AC9AE-2006-413E-917F-F73A8EEFA5EC}.Debug|Any CPU.Build.0 = Debug|Any CPU
		{4E0AC9AE-2006-413E-917F-F73A8EEFA5EC}.Release|Any CPU.ActiveCfg = Release|Any CPU
		{4E0AC9AE-2006-413E-917F-F73A8EEFA5EC}.Release|Any CPU.Build.0 = Release|Any CPU
	EndGlobalSection
	GlobalSection(SolutionProperties) = preSolution
		HideSolutionNode = FALSE
	EndGlobalSection
	GlobalSection(ExtensibilityGlobals) = postSolution
		SolutionGuid = {CDB29C8D-9917-4772-A77D-16BEA131CFE9}
	EndGlobalSection
EndGlobal
